{
  "name": "z-password-generator",
  "version": "0.1.2",
  "lockfileVersion": 2,
  "requires": true,
  "packages": {
    "": {
      "name": "z-password-generator",
      "version": "0.1.2",
      "license": "ISC",
      "dependencies": {
        "z-password-generator": "^0.1.2"
      },
      "bin": {
        "z-password-generator": "index.js"
      }
    },
    "node_modules/z-password-generator": {
      "version": "0.1.2",
      "resolved": "https://registry.npmjs.org/z-password-generator/-/z-password-generator-0.1.2.tgz",
      "integrity": "sha512-6k47G6zPRhgNfzl6thYw1EkOmrPguNRBQNVBCvQ4KhLYlJKCvmzZcBVipVXJBc2BV5NpavRXchLHzVLcB8IgZA==",
      "bin": {
        "z-password-generator": "index.js"
      }
    }
  },
  "dependencies": {
    "z-password-generator": {
      "version": "0.1.2",
      "resolved": "https://registry.npmjs.org/z-password-generator/-/z-password-generator-0.1.2.tgz",
      "integrity": "sha512-6k47G6zPRhgNfzl6thYw1EkOmrPguNRBQNVBCvQ4KhLYlJKCvmzZcBVipVXJBc2BV5NpavRXchLHzVLcB8IgZA=="
    }
  }
}
